schema: '2.0'
stages:
  data_cleaning:
    cmd: python src/data/data_cleaning.py
    deps:
    - path: data/raw/swiggy.csv
      hash: md5
      md5: 0b050b37dfe6cfbfaa18d7cb4e454377
      size: 7772212
    - path: src/data/data_cleaning.py
      hash: md5
      md5: ce8572324e8aaad58c2655033b41fd49
      size: 9702
    outs:
    - path: data/cleaned/swiggy_clean.csv
      hash: md5
      md5: 4918716e52fc57babdcd400dfb3c3f29
      size: 4508527
  data_prep:
    cmd: python src/data/data_preperation.py
    deps:
    - path: data/cleaned/swiggy_clean.csv
      hash: md5
      md5: 4918716e52fc57babdcd400dfb3c3f29
      size: 4508527
    - path: src/data/data_preperation.py
      hash: md5
      md5: b5274aa784b432f11735e7b1b1e2ff2a
      size: 3005
    params:
      params.yaml:
        Data_Preparation.random_state: 50
        Data_Preparation.test_size: 0.25
    outs:
    - path: data/interim/test.csv
      hash: md5
      md5: 62c8aab8c01c0b96c4ebe61f23bb1fa6
      size: 1127895
    - path: data/interim/train.csv
      hash: md5
      md5: 278b05ee04b5bb57f42400537fb36d72
      size: 3377674
  data_preprocess:
    cmd: python src/features/data_preprocessing.py
    deps:
    - path: data/interim/test.csv
      hash: md5
      md5: 62c8aab8c01c0b96c4ebe61f23bb1fa6
      size: 1127895
    - path: data/interim/train.csv
      hash: md5
      md5: 278b05ee04b5bb57f42400537fb36d72
      size: 3377674
    - path: src/features/data_preprocessing.py
      hash: md5
      md5: 35e50c87c02a387a08216744c7e31670
      size: 6943
    outs:
    - path: data/processed/test_trans.csv
      hash: md5
      md5: fd3f64b75960a56087abc13189e32b1a
      size: 1362601
    - path: data/processed/train_trans.csv
      hash: md5
      md5: 889e38db8dc8aeab01ec58b9c041d81d
      size: 4056132
    - path: models/preprocessor.joblib
      hash: md5
      md5: 9f2b2afcb3f12b64cc67cd53d193d301
      size: 8189
  train:
    cmd: python src/models/train.py
    deps:
    - path: data/processed/train_trans.csv
      hash: md5
      md5: 889e38db8dc8aeab01ec58b9c041d81d
      size: 4056132
    - path: src/models/train.py
      hash: md5
      md5: b7b69ed8e77672b21bfffc93336aa161
      size: 4910
    params:
      params.yaml:
        Train.LightGBM:
          n_estimators: 154
          max_depth: 27
          learning_rate: 0.22234435854395157
          subsample: 0.7592213724048168
          min_child_weight: 20
          min_split_gain: 0.004604680609280751
          reg_lambda: 97.81002379097947
          n_jobs: -1
        Train.Random_Forest:
          n_estimators: 479
          criterion: squared_error
          max_depth: 17
          max_features: 1
          min_samples_split: 9
          min_samples_leaf: 2
          max_samples: 0.6603673526197066
          verbose: 1
          n_jobs: -1
    outs:
    - path: models/model.joblib
      hash: md5
      md5: ddd930afba8d461094478d25b5190142
      size: 149166008
    - path: models/power_transformer.joblib
      hash: md5
      md5: 44f3aa62e4203ae74ac4515c7bfdf4e1
      size: 837
    - path: models/stacking_regressor.joblib
      hash: md5
      md5: a26887fa50039621059e9863f8f99b07
      size: 149154474
  evaluation:
    cmd: python src/models/evaluation.py
    deps:
    - path: data/processed/test_trans.csv
      hash: md5
      md5: fd3f64b75960a56087abc13189e32b1a
      size: 1362601
    - path: data/processed/train_trans.csv
      hash: md5
      md5: 889e38db8dc8aeab01ec58b9c041d81d
      size: 4056132
    - path: models/model.joblib
      hash: md5
      md5: ddd930afba8d461094478d25b5190142
      size: 149166008
    - path: src/models/evaluation.py
      hash: md5
      md5: fd412be75f4c22ce847ee747758d9aaa
      size: 6003
    outs:
    - path: run_information.json
      hash: md5
      md5: f8777f1ec5f86c37aa1d1e7fd35095bc
      size: 220
  register_model:
    cmd: python src/models/register_model.py
    deps:
    - path: run_information.json
      hash: md5
      md5: f8777f1ec5f86c37aa1d1e7fd35095bc
      size: 220
    - path: src/models/register_model.py
      hash: md5
      md5: cb81b506ce923e13f156a98c9f153c77
      size: 2148
